{
  "meteor": {},
  "dependencies": {
    "basePackages": {
      "bootstrap3-less": {}
    },
    "packages": {
      "bootstrap3-less": {
        "git": "https://github.com/eprochasson/bootstrap3-less",
        "tag": "v0.1.3",
        "commit": "14f38afc74557dce2b577afdfdaaed4e3e147611"
      }
    }
  }
}
